
Microsoft Visual Studio Solution File, Format Version 12.00
# Visual Studio Version 17
VisualStudioVersion = 17.14.36930.0 d17.14
MinimumVisualStudioVersion = 10.0.40219.1
Project("{FAE04EC0-301F-11D3-BF4B-00C04F79EFBC}") = "пр4", "пр4\пр4.csproj", "{AEDEAF74-A1F7-49AA-8BEF-210E81994E54}"
EndProject
Global
	GlobalSection(SolutionConfigurationPlatforms) = preSolution
		Debug|Any CPU = Debug|Any CPU
		Release|Any CPU = Release|Any CPU
	EndGlobalSection
	GlobalSection(ProjectConfigurationPlatforms) = postSolution
		{AEDEAF74-A1F7-49AA-8BEF-210E81994E54}.Debug|Any CPU.ActiveCfg = Debug|Any CPU
		{AEDEAF74-A1F7-49AA-8BEF-210E81994E54}.Debug|Any CPU.Build.0 = Debug|Any CPU
		{AEDEAF74-A1F7-49AA-8BEF-210E81994E54}.Release|Any CPU.ActiveCfg = Release|Any CPU
		{AEDEAF74-A1F7-49AA-8BEF-210E81994E54}.Release|Any CPU.Build.0 = Release|Any CPU
	EndGlobalSection
	GlobalSection(SolutionProperties) = preSolution
		HideSolutionNode = FALSE
	EndGlobalSection
	GlobalSection(ExtensibilityGlobals) = postSolution
		SolutionGuid = {2C3CFE34-C95C-4F72-8A62-7B7D25FC0D68}
	EndGlobalSection
EndGlobal
